# This file was autogenerated by Stack.
# You should not edit this file by hand.
# For more information, please see the documentation at:
#   https://docs.haskellstack.org/en/stable/lock_files

packages:
- completed:
    hackage: hakyll-4.15.0.1@sha256:754c5762c0851135f55be199cddad398ce24ecb4672c2c3da43800ecf0b64e0e,9278
    pantry-tree:
      size: 8559
      sha256: 22ef75abae159f8406b711946969c1e689dc5419eed0320c90203320316c5de2
  original:
    hackage: hakyll-4.15.0.1
snapshots:
- completed:
    size: 587546
    url: https://raw.githubusercontent.com/commercialhaskell/stackage-snapshots/master/lts/18/10.yaml
    sha256: 88b4f81e162ba3adc230a9fcccc4d19ac116377656bab56c7382ca88598b257a
  original:
    url: https://raw.githubusercontent.com/commercialhaskell/stackage-snapshots/master/lts/18/10.yaml
